
Microsoft Visual Studio Solution File, Format Version 12.00
# Visual Studio 15
VisualStudioVersion = 15.0.26124.0
MinimumVisualStudioVersion = 15.0.26124.0
Project("{9A19103F-16F7-4668-BE54-9A1E7A4F7556}") = "Polyrific.Catapult.Engine", "src\Engine\Polyrific.Catapult.Engine\Polyrific.Catapult.Engine.csproj", "{419C1CF8-24AC-44F8-8709-773F1EB15930}"
EndProject
Project("{9A19103F-16F7-4668-BE54-9A1E7A4F7556}") = "Polyrific.Catapult.Engine.Core", "src\Engine\Polyrific.Catapult.Engine.Core\Polyrific.Catapult.Engine.Core.csproj", "{AFB00AA2-308C-4CA5-98D1-6B70E5AE2671}"
EndProject
Project("{2150E333-8FDC-42A3-9474-1A3956D46DE8}") = "src", "src", "{54E9663F-4CF2-46C2-9FBF-6620B59851B5}"
EndProject
Project("{2150E333-8FDC-42A3-9474-1A3956D46DE8}") = "tests", "tests", "{FF9F631E-2EAA-40A8-B388-04A7C40B4821}"
EndProject
Project("{9A19103F-16F7-4668-BE54-9A1E7A4F7556}") = "Polyrific.Catapult.Shared.Dto", "src\Shared\Polyrific.Catapult.Shared.Dto\Polyrific.Catapult.Shared.Dto.csproj", "{B8200127-8E1B-4CEB-9DBF-5EDFDE29FB79}"
EndProject
Project("{9A19103F-16F7-4668-BE54-9A1E7A4F7556}") = "Polyrific.Catapult.Engine.Infrastructure", "src\Engine\Polyrific.Catapult.Engine.Infrastructure\Polyrific.Catapult.Engine.Infrastructure.csproj", "{A64662A1-2D3A-4E6D-8B3A-5BB3A54CBFA0}"
EndProject
Project("{9A19103F-16F7-4668-BE54-9A1E7A4F7556}") = "Polyrific.Catapult.Engine.UnitTests", "tests\Polyrific.Catapult.Engine.UnitTests\Polyrific.Catapult.Engine.UnitTests.csproj", "{B5FE11CB-8AF1-418F-B817-8144F240C69F}"
EndProject
Project("{9A19103F-16F7-4668-BE54-9A1E7A4F7556}") = "Polyrific.Catapult.Shared.ApiClient", "src\Shared\Polyrific.Catapult.Shared.ApiClient\Polyrific.Catapult.Shared.ApiClient.csproj", "{1D5B6FBD-6F63-419A-8422-4C7010B3A25B}"
EndProject
Project("{9A19103F-16F7-4668-BE54-9A1E7A4F7556}") = "Polyrific.Catapult.Shared.Service", "src\Shared\Polyrific.Catapult.Shared.Service\Polyrific.Catapult.Shared.Service.csproj", "{18EED588-3ADC-402E-BC5C-3E7A20C6DAB2}"
EndProject
Project("{9A19103F-16F7-4668-BE54-9A1E7A4F7556}") = "Polyrific.Catapult.Shared.Common", "src\Shared\Polyrific.Catapult.Shared.Common\Polyrific.Catapult.Shared.Common.csproj", "{A4FDD4F0-DC8A-468E-AD99-35138C59338A}"
EndProject
Project("{2150E333-8FDC-42A3-9474-1A3956D46DE8}") = "Solution Items", "Solution Items", "{40FD7B8C-5FC8-42B8-BC75-5108D4658F85}"
	ProjectSection(SolutionItems) = preProject
		.editorconfig = .editorconfig
	EndProjectSection
EndProject
Project("{2150E333-8FDC-42A3-9474-1A3956D46DE8}") = "plugins", "plugins", "{531811D2-AA96-456D-B1FA-B2820DF16D63}"
EndProject
Project("{2150E333-8FDC-42A3-9474-1A3956D46DE8}") = "GeneratorProvider", "GeneratorProvider", "{461C9CCD-4254-445C-AE7F-A2EF116D4AF1}"
EndProject
Project("{2150E333-8FDC-42A3-9474-1A3956D46DE8}") = "RepositoryProvider", "RepositoryProvider", "{30C3AE23-D960-4145-AC34-21B24382D83B}"
EndProject
Project("{2150E333-8FDC-42A3-9474-1A3956D46DE8}") = "BuildProvider", "BuildProvider", "{F05EADFC-1BE6-4C9D-8749-1815B1F8A8EC}"
EndProject
Project("{2150E333-8FDC-42A3-9474-1A3956D46DE8}") = "HostingProvider", "HostingProvider", "{0B88C471-7296-408B-85A8-0014B34C1B62}"
EndProject
Project("{2150E333-8FDC-42A3-9474-1A3956D46DE8}") = "DatabaseProvider", "DatabaseProvider", "{DE41662E-47F3-4194-90D4-67EF9C9322C0}"
EndProject
Project("{2150E333-8FDC-42A3-9474-1A3956D46DE8}") = "TestProvider", "TestProvider", "{65CBE186-4D57-4134-BBDA-6817C4E1E2C3}"
EndProject
Project("{2150E333-8FDC-42A3-9474-1A3956D46DE8}") = "StorageProvider", "StorageProvider", "{91EC06FE-7CAA-4F04-9207-F777C68FE35A}"
EndProject
Project("{9A19103F-16F7-4668-BE54-9A1E7A4F7556}") = "Polyrific.Catapult.Engine.SignalRLogger", "src\Engine\Polyrific.Catapult.Engine.SignalRLogger\Polyrific.Catapult.Engine.SignalRLogger.csproj", "{D65FD9E2-D564-4684-9A05-353BF7F1612B}"
EndProject
Project("{9A19103F-16F7-4668-BE54-9A1E7A4F7556}") = "Polyrific.Catapult.TaskProviders.Core", "src\Plugins\Polyrific.Catapult.TaskProviders.Core\Polyrific.Catapult.TaskProviders.Core.csproj", "{2FACCDDC-0A7B-4E3E-B268-A593C8388C6C}"
EndProject
Project("{9A19103F-16F7-4668-BE54-9A1E7A4F7556}") = "Polyrific.Catapult.Plugins.AspNetCoreMvc", "src\Plugins\GeneratorProvider\Polyrific.Catapult.Plugins.AspNetCoreMvc\src\Polyrific.Catapult.Plugins.AspNetCoreMvc.csproj", "{11811214-D216-4D09-B361-EE938FA9F8D6}"
EndProject
Project("{9A19103F-16F7-4668-BE54-9A1E7A4F7556}") = "Polyrific.Catapult.TaskProviders.DotNetCore", "src\Plugins\BuildProvider\Polyrific.Catapult.TaskProviders.DotNetCore\src\Polyrific.Catapult.TaskProviders.DotNetCore.csproj", "{D3645509-455D-4733-8F3B-7C7ADA180DEF}"
EndProject
Project("{9A19103F-16F7-4668-BE54-9A1E7A4F7556}") = "Polyrific.Catapult.Plugins.GitHub", "src\Plugins\RepositoryProvider\Polyrific.Catapult.Plugins.GitHub\src\Polyrific.Catapult.Plugins.GitHub.csproj", "{8186D079-1637-4DCE-A3A6-118CA1B8256B}"
EndProject
Project("{9A19103F-16F7-4668-BE54-9A1E7A4F7556}") = "Polyrific.Catapult.Plugins.AzureAppService", "src\Plugins\HostingProvider\Polyrific.Catapult.Plugins.AzureAppService\src\Polyrific.Catapult.Plugins.AzureAppService.csproj", "{4565991D-28E4-47C1-BCF1-EB6379BA4E2B}"
EndProject
Project("{9A19103F-16F7-4668-BE54-9A1E7A4F7556}") = "Polyrific.Catapult.Plugins.EntityFrameworkCore", "src\Plugins\DatabaseProvider\Polyrific.Catapult.Plugins.EntityFrameworkCore\src\Polyrific.Catapult.Plugins.EntityFrameworkCore.csproj", "{8DDDC97F-EE3D-4C15-8C79-312EDEA8BC74}"
EndProject
Project("{9A19103F-16F7-4668-BE54-9A1E7A4F7556}") = "Polyrific.Catapult.TaskProviders.DotNetCoreTest", "src\Plugins\TestProvider\Polyrific.Catapult.TaskProviders.DotNetCoreTest\src\Polyrific.Catapult.TaskProviders.DotNetCoreTest.csproj", "{788858A8-F67B-4A65-A452-C53C3D3B45FB}"
EndProject
Project("{2150E333-8FDC-42A3-9474-1A3956D46DE8}") = "plugins", "plugins", "{4E071EF4-E175-40AC-BE21-07CD6A3E3ECA}"
EndProject
Project("{9A19103F-16F7-4668-BE54-9A1E7A4F7556}") = "Polyrific.Catapult.TaskProviders.DotNetCore.UnitTests", "src\Plugins\BuildProvider\Polyrific.Catapult.TaskProviders.DotNetCore\tests\Polyrific.Catapult.TaskProviders.DotNetCore.UnitTests.csproj", "{950E5F7D-AF1C-4331-9A4C-D3B7341D8284}"
EndProject
Project("{9A19103F-16F7-4668-BE54-9A1E7A4F7556}") = "Polyrific.Catapult.Plugins.EntityFrameworkCore.UnitTests", "src\Plugins\DatabaseProvider\Polyrific.Catapult.Plugins.EntityFrameworkCore\tests\Polyrific.Catapult.Plugins.EntityFrameworkCore.UnitTests.csproj", "{8799784F-8EED-4A24-BD39-4E0CC3C1659A}"
EndProject
Project("{9A19103F-16F7-4668-BE54-9A1E7A4F7556}") = "Polyrific.Catapult.Plugins.AspNetCoreMvc.UnitTests", "src\Plugins\GeneratorProvider\Polyrific.Catapult.Plugins.AspNetCoreMvc\tests\Polyrific.Catapult.Plugins.AspNetCoreMvc.UnitTests.csproj", "{D8F27509-7A0D-42F4-B40D-C43AC32F4D8E}"
EndProject
Project("{9A19103F-16F7-4668-BE54-9A1E7A4F7556}") = "Polyrific.Catapult.Plugins.AzureAppService.UnitTests", "src\Plugins\HostingProvider\Polyrific.Catapult.Plugins.AzureAppService\tests\Polyrific.Catapult.Plugins.AzureAppService.UnitTests.csproj", "{30069801-C8AE-48DB-850E-10703DEF80CD}"
EndProject
Project("{9A19103F-16F7-4668-BE54-9A1E7A4F7556}") = "Polyrific.Catapult.Plugins.GitHub.UnitTests", "src\Plugins\RepositoryProvider\Polyrific.Catapult.Plugins.GitHub\tests\Polyrific.Catapult.Plugins.GitHub.UnitTests.csproj", "{73A389BE-FDD1-4E0C-90FA-8AAC1BAD01ED}"
EndProject
Project("{9A19103F-16F7-4668-BE54-9A1E7A4F7556}") = "Polyrific.Catapult.TaskProviders.DotNetCoreTest.UnitTests", "src\Plugins\TestProvider\Polyrific.Catapult.TaskProviders.DotNetCoreTest\tests\Polyrific.Catapult.TaskProviders.DotNetCoreTest.UnitTests.csproj", "{7883B10F-C23D-4045-B0D1-160EBE06FEE4}"
EndProject
Global
	GlobalSection(SolutionConfigurationPlatforms) = preSolution
		Debug|Any CPU = Debug|Any CPU
		Debug|x64 = Debug|x64
		Debug|x86 = Debug|x86
		Release|Any CPU = Release|Any CPU
		Release|x64 = Release|x64
		Release|x86 = Release|x86
	EndGlobalSection
	GlobalSection(ProjectConfigurationPlatforms) = postSolution
		{419C1CF8-24AC-44F8-8709-773F1EB15930}.Debug|Any CPU.ActiveCfg = Debug|Any CPU
		{419C1CF8-24AC-44F8-8709-773F1EB15930}.Debug|Any CPU.Build.0 = Debug|Any CPU
		{419C1CF8-24AC-44F8-8709-773F1EB15930}.Debug|x64.ActiveCfg = Debug|Any CPU
		{419C1CF8-24AC-44F8-8709-773F1EB15930}.Debug|x64.Build.0 = Debug|Any CPU
		{419C1CF8-24AC-44F8-8709-773F1EB15930}.Debug|x86.ActiveCfg = Debug|Any CPU
		{419C1CF8-24AC-44F8-8709-773F1EB15930}.Debug|x86.Build.0 = Debug|Any CPU
		{419C1CF8-24AC-44F8-8709-773F1EB15930}.Release|Any CPU.ActiveCfg = Release|Any CPU
		{419C1CF8-24AC-44F8-8709-773F1EB15930}.Release|Any CPU.Build.0 = Release|Any CPU
		{419C1CF8-24AC-44F8-8709-773F1EB15930}.Release|x64.ActiveCfg = Release|Any CPU
		{419C1CF8-24AC-44F8-8709-773F1EB15930}.Release|x64.Build.0 = Release|Any CPU
		{419C1CF8-24AC-44F8-8709-773F1EB15930}.Release|x86.ActiveCfg = Release|Any CPU
		{419C1CF8-24AC-44F8-8709-773F1EB15930}.Release|x86.Build.0 = Release|Any CPU
		{AFB00AA2-308C-4CA5-98D1-6B70E5AE2671}.Debug|Any CPU.ActiveCfg = Debug|Any CPU
		{AFB00AA2-308C-4CA5-98D1-6B70E5AE2671}.Debug|Any CPU.Build.0 = Debug|Any CPU
		{AFB00AA2-308C-4CA5-98D1-6B70E5AE2671}.Debug|x64.ActiveCfg = Debug|Any CPU
		{AFB00AA2-308C-4CA5-98D1-6B70E5AE2671}.Debug|x64.Build.0 = Debug|Any CPU
		{AFB00AA2-308C-4CA5-98D1-6B70E5AE2671}.Debug|x86.ActiveCfg = Debug|Any CPU
		{AFB00AA2-308C-4CA5-98D1-6B70E5AE2671}.Debug|x86.Build.0 = Debug|Any CPU
		{AFB00AA2-308C-4CA5-98D1-6B70E5AE2671}.Release|Any CPU.ActiveCfg = Release|Any CPU
		{AFB00AA2-308C-4CA5-98D1-6B70E5AE2671}.Release|Any CPU.Build.0 = Release|Any CPU
		{AFB00AA2-308C-4CA5-98D1-6B70E5AE2671}.Release|x64.ActiveCfg = Release|Any CPU
		{AFB00AA2-308C-4CA5-98D1-6B70E5AE2671}.Release|x64.Build.0 = Release|Any CPU
		{AFB00AA2-308C-4CA5-98D1-6B70E5AE2671}.Release|x86.ActiveCfg = Release|Any CPU
		{AFB00AA2-308C-4CA5-98D1-6B70E5AE2671}.Release|x86.Build.0 = Release|Any CPU
		{B8200127-8E1B-4CEB-9DBF-5EDFDE29FB79}.Debug|Any CPU.ActiveCfg = Debug|Any CPU
		{B8200127-8E1B-4CEB-9DBF-5EDFDE29FB79}.Debug|Any CPU.Build.0 = Debug|Any CPU
		{B8200127-8E1B-4CEB-9DBF-5EDFDE29FB79}.Debug|x64.ActiveCfg = Debug|Any CPU
		{B8200127-8E1B-4CEB-9DBF-5EDFDE29FB79}.Debug|x64.Build.0 = Debug|Any CPU
		{B8200127-8E1B-4CEB-9DBF-5EDFDE29FB79}.Debug|x86.ActiveCfg = Debug|Any CPU
		{B8200127-8E1B-4CEB-9DBF-5EDFDE29FB79}.Debug|x86.Build.0 = Debug|Any CPU
		{B8200127-8E1B-4CEB-9DBF-5EDFDE29FB79}.Release|Any CPU.ActiveCfg = Release|Any CPU
		{B8200127-8E1B-4CEB-9DBF-5EDFDE29FB79}.Release|Any CPU.Build.0 = Release|Any CPU
		{B8200127-8E1B-4CEB-9DBF-5EDFDE29FB79}.Release|x64.ActiveCfg = Release|Any CPU
		{B8200127-8E1B-4CEB-9DBF-5EDFDE29FB79}.Release|x64.Build.0 = Release|Any CPU
		{B8200127-8E1B-4CEB-9DBF-5EDFDE29FB79}.Release|x86.ActiveCfg = Release|Any CPU
		{B8200127-8E1B-4CEB-9DBF-5EDFDE29FB79}.Release|x86.Build.0 = Release|Any CPU
		{A64662A1-2D3A-4E6D-8B3A-5BB3A54CBFA0}.Debug|Any CPU.ActiveCfg = Debug|Any CPU
		{A64662A1-2D3A-4E6D-8B3A-5BB3A54CBFA0}.Debug|Any CPU.Build.0 = Debug|Any CPU
		{A64662A1-2D3A-4E6D-8B3A-5BB3A54CBFA0}.Debug|x64.ActiveCfg = Debug|Any CPU
		{A64662A1-2D3A-4E6D-8B3A-5BB3A54CBFA0}.Debug|x64.Build.0 = Debug|Any CPU
		{A64662A1-2D3A-4E6D-8B3A-5BB3A54CBFA0}.Debug|x86.ActiveCfg = Debug|Any CPU
		{A64662A1-2D3A-4E6D-8B3A-5BB3A54CBFA0}.Debug|x86.Build.0 = Debug|Any CPU
		{A64662A1-2D3A-4E6D-8B3A-5BB3A54CBFA0}.Release|Any CPU.ActiveCfg = Release|Any CPU
		{A64662A1-2D3A-4E6D-8B3A-5BB3A54CBFA0}.Release|Any CPU.Build.0 = Release|Any CPU
		{A64662A1-2D3A-4E6D-8B3A-5BB3A54CBFA0}.Release|x64.ActiveCfg = Release|Any CPU
		{A64662A1-2D3A-4E6D-8B3A-5BB3A54CBFA0}.Release|x64.Build.0 = Release|Any CPU
		{A64662A1-2D3A-4E6D-8B3A-5BB3A54CBFA0}.Release|x86.ActiveCfg = Release|Any CPU
		{A64662A1-2D3A-4E6D-8B3A-5BB3A54CBFA0}.Release|x86.Build.0 = Release|Any CPU
		{B5FE11CB-8AF1-418F-B817-8144F240C69F}.Debug|Any CPU.ActiveCfg = Debug|Any CPU
		{B5FE11CB-8AF1-418F-B817-8144F240C69F}.Debug|Any CPU.Build.0 = Debug|Any CPU
		{B5FE11CB-8AF1-418F-B817-8144F240C69F}.Debug|x64.ActiveCfg = Debug|Any CPU
		{B5FE11CB-8AF1-418F-B817-8144F240C69F}.Debug|x64.Build.0 = Debug|Any CPU
		{B5FE11CB-8AF1-418F-B817-8144F240C69F}.Debug|x86.ActiveCfg = Debug|Any CPU
		{B5FE11CB-8AF1-418F-B817-8144F240C69F}.Debug|x86.Build.0 = Debug|Any CPU
		{B5FE11CB-8AF1-418F-B817-8144F240C69F}.Release|Any CPU.ActiveCfg = Release|Any CPU
		{B5FE11CB-8AF1-418F-B817-8144F240C69F}.Release|Any CPU.Build.0 = Release|Any CPU
		{B5FE11CB-8AF1-418F-B817-8144F240C69F}.Release|x64.ActiveCfg = Release|Any CPU
		{B5FE11CB-8AF1-418F-B817-8144F240C69F}.Release|x64.Build.0 = Release|Any CPU
		{B5FE11CB-8AF1-418F-B817-8144F240C69F}.Release|x86.ActiveCfg = Release|Any CPU
		{B5FE11CB-8AF1-418F-B817-8144F240C69F}.Release|x86.Build.0 = Release|Any CPU
		{1D5B6FBD-6F63-419A-8422-4C7010B3A25B}.Debug|Any CPU.ActiveCfg = Debug|Any CPU
		{1D5B6FBD-6F63-419A-8422-4C7010B3A25B}.Debug|Any CPU.Build.0 = Debug|Any CPU
		{1D5B6FBD-6F63-419A-8422-4C7010B3A25B}.Debug|x64.ActiveCfg = Debug|Any CPU
		{1D5B6FBD-6F63-419A-8422-4C7010B3A25B}.Debug|x64.Build.0 = Debug|Any CPU
		{1D5B6FBD-6F63-419A-8422-4C7010B3A25B}.Debug|x86.ActiveCfg = Debug|Any CPU
		{1D5B6FBD-6F63-419A-8422-4C7010B3A25B}.Debug|x86.Build.0 = Debug|Any CPU
		{1D5B6FBD-6F63-419A-8422-4C7010B3A25B}.Release|Any CPU.ActiveCfg = Release|Any CPU
		{1D5B6FBD-6F63-419A-8422-4C7010B3A25B}.Release|Any CPU.Build.0 = Release|Any CPU
		{1D5B6FBD-6F63-419A-8422-4C7010B3A25B}.Release|x64.ActiveCfg = Release|Any CPU
		{1D5B6FBD-6F63-419A-8422-4C7010B3A25B}.Release|x64.Build.0 = Release|Any CPU
		{1D5B6FBD-6F63-419A-8422-4C7010B3A25B}.Release|x86.ActiveCfg = Release|Any CPU
		{1D5B6FBD-6F63-419A-8422-4C7010B3A25B}.Release|x86.Build.0 = Release|Any CPU
		{18EED588-3ADC-402E-BC5C-3E7A20C6DAB2}.Debug|Any CPU.ActiveCfg = Debug|Any CPU
		{18EED588-3ADC-402E-BC5C-3E7A20C6DAB2}.Debug|Any CPU.Build.0 = Debug|Any CPU
		{18EED588-3ADC-402E-BC5C-3E7A20C6DAB2}.Debug|x64.ActiveCfg = Debug|Any CPU
		{18EED588-3ADC-402E-BC5C-3E7A20C6DAB2}.Debug|x64.Build.0 = Debug|Any CPU
		{18EED588-3ADC-402E-BC5C-3E7A20C6DAB2}.Debug|x86.ActiveCfg = Debug|Any CPU
		{18EED588-3ADC-402E-BC5C-3E7A20C6DAB2}.Debug|x86.Build.0 = Debug|Any CPU
		{18EED588-3ADC-402E-BC5C-3E7A20C6DAB2}.Release|Any CPU.ActiveCfg = Release|Any CPU
		{18EED588-3ADC-402E-BC5C-3E7A20C6DAB2}.Release|Any CPU.Build.0 = Release|Any CPU
		{18EED588-3ADC-402E-BC5C-3E7A20C6DAB2}.Release|x64.ActiveCfg = Release|Any CPU
		{18EED588-3ADC-402E-BC5C-3E7A20C6DAB2}.Release|x64.Build.0 = Release|Any CPU
		{18EED588-3ADC-402E-BC5C-3E7A20C6DAB2}.Release|x86.ActiveCfg = Release|Any CPU
		{18EED588-3ADC-402E-BC5C-3E7A20C6DAB2}.Release|x86.Build.0 = Release|Any CPU
		{A4FDD4F0-DC8A-468E-AD99-35138C59338A}.Debug|Any CPU.ActiveCfg = Debug|Any CPU
		{A4FDD4F0-DC8A-468E-AD99-35138C59338A}.Debug|Any CPU.Build.0 = Debug|Any CPU
		{A4FDD4F0-DC8A-468E-AD99-35138C59338A}.Debug|x64.ActiveCfg = Debug|Any CPU
		{A4FDD4F0-DC8A-468E-AD99-35138C59338A}.Debug|x64.Build.0 = Debug|Any CPU
		{A4FDD4F0-DC8A-468E-AD99-35138C59338A}.Debug|x86.ActiveCfg = Debug|Any CPU
		{A4FDD4F0-DC8A-468E-AD99-35138C59338A}.Debug|x86.Build.0 = Debug|Any CPU
		{A4FDD4F0-DC8A-468E-AD99-35138C59338A}.Release|Any CPU.ActiveCfg = Release|Any CPU
		{A4FDD4F0-DC8A-468E-AD99-35138C59338A}.Release|Any CPU.Build.0 = Release|Any CPU
		{A4FDD4F0-DC8A-468E-AD99-35138C59338A}.Release|x64.ActiveCfg = Release|Any CPU
		{A4FDD4F0-DC8A-468E-AD99-35138C59338A}.Release|x64.Build.0 = Release|Any CPU
		{A4FDD4F0-DC8A-468E-AD99-35138C59338A}.Release|x86.ActiveCfg = Release|Any CPU
		{A4FDD4F0-DC8A-468E-AD99-35138C59338A}.Release|x86.Build.0 = Release|Any CPU
		{D65FD9E2-D564-4684-9A05-353BF7F1612B}.Debug|Any CPU.ActiveCfg = Debug|Any CPU
		{D65FD9E2-D564-4684-9A05-353BF7F1612B}.Debug|Any CPU.Build.0 = Debug|Any CPU
		{D65FD9E2-D564-4684-9A05-353BF7F1612B}.Debug|x64.ActiveCfg = Debug|Any CPU
		{D65FD9E2-D564-4684-9A05-353BF7F1612B}.Debug|x64.Build.0 = Debug|Any CPU
		{D65FD9E2-D564-4684-9A05-353BF7F1612B}.Debug|x86.ActiveCfg = Debug|Any CPU
		{D65FD9E2-D564-4684-9A05-353BF7F1612B}.Debug|x86.Build.0 = Debug|Any CPU
		{D65FD9E2-D564-4684-9A05-353BF7F1612B}.Release|Any CPU.ActiveCfg = Release|Any CPU
		{D65FD9E2-D564-4684-9A05-353BF7F1612B}.Release|Any CPU.Build.0 = Release|Any CPU
		{D65FD9E2-D564-4684-9A05-353BF7F1612B}.Release|x64.ActiveCfg = Release|Any CPU
		{D65FD9E2-D564-4684-9A05-353BF7F1612B}.Release|x64.Build.0 = Release|Any CPU
		{D65FD9E2-D564-4684-9A05-353BF7F1612B}.Release|x86.ActiveCfg = Release|Any CPU
		{D65FD9E2-D564-4684-9A05-353BF7F1612B}.Release|x86.Build.0 = Release|Any CPU
		{2FACCDDC-0A7B-4E3E-B268-A593C8388C6C}.Debug|Any CPU.ActiveCfg = Debug|Any CPU
		{2FACCDDC-0A7B-4E3E-B268-A593C8388C6C}.Debug|Any CPU.Build.0 = Debug|Any CPU
		{2FACCDDC-0A7B-4E3E-B268-A593C8388C6C}.Debug|x64.ActiveCfg = Debug|Any CPU
		{2FACCDDC-0A7B-4E3E-B268-A593C8388C6C}.Debug|x64.Build.0 = Debug|Any CPU
		{2FACCDDC-0A7B-4E3E-B268-A593C8388C6C}.Debug|x86.ActiveCfg = Debug|Any CPU
		{2FACCDDC-0A7B-4E3E-B268-A593C8388C6C}.Debug|x86.Build.0 = Debug|Any CPU
		{2FACCDDC-0A7B-4E3E-B268-A593C8388C6C}.Release|Any CPU.ActiveCfg = Release|Any CPU
		{2FACCDDC-0A7B-4E3E-B268-A593C8388C6C}.Release|Any CPU.Build.0 = Release|Any CPU
		{2FACCDDC-0A7B-4E3E-B268-A593C8388C6C}.Release|x64.ActiveCfg = Release|Any CPU
		{2FACCDDC-0A7B-4E3E-B268-A593C8388C6C}.Release|x64.Build.0 = Release|Any CPU
		{2FACCDDC-0A7B-4E3E-B268-A593C8388C6C}.Release|x86.ActiveCfg = Release|Any CPU
		{2FACCDDC-0A7B-4E3E-B268-A593C8388C6C}.Release|x86.Build.0 = Release|Any CPU
		{11811214-D216-4D09-B361-EE938FA9F8D6}.Debug|Any CPU.ActiveCfg = Debug|Any CPU
		{11811214-D216-4D09-B361-EE938FA9F8D6}.Debug|Any CPU.Build.0 = Debug|Any CPU
		{11811214-D216-4D09-B361-EE938FA9F8D6}.Debug|x64.ActiveCfg = Debug|Any CPU
		{11811214-D216-4D09-B361-EE938FA9F8D6}.Debug|x64.Build.0 = Debug|Any CPU
		{11811214-D216-4D09-B361-EE938FA9F8D6}.Debug|x86.ActiveCfg = Debug|Any CPU
		{11811214-D216-4D09-B361-EE938FA9F8D6}.Debug|x86.Build.0 = Debug|Any CPU
		{11811214-D216-4D09-B361-EE938FA9F8D6}.Release|Any CPU.ActiveCfg = Release|Any CPU
		{11811214-D216-4D09-B361-EE938FA9F8D6}.Release|Any CPU.Build.0 = Release|Any CPU
		{11811214-D216-4D09-B361-EE938FA9F8D6}.Release|x64.ActiveCfg = Release|Any CPU
		{11811214-D216-4D09-B361-EE938FA9F8D6}.Release|x64.Build.0 = Release|Any CPU
		{11811214-D216-4D09-B361-EE938FA9F8D6}.Release|x86.ActiveCfg = Release|Any CPU
		{11811214-D216-4D09-B361-EE938FA9F8D6}.Release|x86.Build.0 = Release|Any CPU
		{D3645509-455D-4733-8F3B-7C7ADA180DEF}.Debug|Any CPU.ActiveCfg = Debug|Any CPU
		{D3645509-455D-4733-8F3B-7C7ADA180DEF}.Debug|Any CPU.Build.0 = Debug|Any CPU
		{D3645509-455D-4733-8F3B-7C7ADA180DEF}.Debug|x64.ActiveCfg = Debug|Any CPU
		{D3645509-455D-4733-8F3B-7C7ADA180DEF}.Debug|x64.Build.0 = Debug|Any CPU
		{D3645509-455D-4733-8F3B-7C7ADA180DEF}.Debug|x86.ActiveCfg = Debug|Any CPU
		{D3645509-455D-4733-8F3B-7C7ADA180DEF}.Debug|x86.Build.0 = Debug|Any CPU
		{D3645509-455D-4733-8F3B-7C7ADA180DEF}.Release|Any CPU.ActiveCfg = Release|Any CPU
		{D3645509-455D-4733-8F3B-7C7ADA180DEF}.Release|Any CPU.Build.0 = Release|Any CPU
		{D3645509-455D-4733-8F3B-7C7ADA180DEF}.Release|x64.ActiveCfg = Release|Any CPU
		{D3645509-455D-4733-8F3B-7C7ADA180DEF}.Release|x64.Build.0 = Release|Any CPU
		{D3645509-455D-4733-8F3B-7C7ADA180DEF}.Release|x86.ActiveCfg = Release|Any CPU
		{D3645509-455D-4733-8F3B-7C7ADA180DEF}.Release|x86.Build.0 = Release|Any CPU
		{8186D079-1637-4DCE-A3A6-118CA1B8256B}.Debug|Any CPU.ActiveCfg = Debug|Any CPU
		{8186D079-1637-4DCE-A3A6-118CA1B8256B}.Debug|Any CPU.Build.0 = Debug|Any CPU
		{8186D079-1637-4DCE-A3A6-118CA1B8256B}.Debug|x64.ActiveCfg = Debug|Any CPU
		{8186D079-1637-4DCE-A3A6-118CA1B8256B}.Debug|x64.Build.0 = Debug|Any CPU
		{8186D079-1637-4DCE-A3A6-118CA1B8256B}.Debug|x86.ActiveCfg = Debug|Any CPU
		{8186D079-1637-4DCE-A3A6-118CA1B8256B}.Debug|x86.Build.0 = Debug|Any CPU
		{8186D079-1637-4DCE-A3A6-118CA1B8256B}.Release|Any CPU.ActiveCfg = Release|Any CPU
		{8186D079-1637-4DCE-A3A6-118CA1B8256B}.Release|Any CPU.Build.0 = Release|Any CPU
		{8186D079-1637-4DCE-A3A6-118CA1B8256B}.Release|x64.ActiveCfg = Release|Any CPU
		{8186D079-1637-4DCE-A3A6-118CA1B8256B}.Release|x64.Build.0 = Release|Any CPU
		{8186D079-1637-4DCE-A3A6-118CA1B8256B}.Release|x86.ActiveCfg = Release|Any CPU
		{8186D079-1637-4DCE-A3A6-118CA1B8256B}.Release|x86.Build.0 = Release|Any CPU
		{4565991D-28E4-47C1-BCF1-EB6379BA4E2B}.Debug|Any CPU.ActiveCfg = Debug|Any CPU
		{4565991D-28E4-47C1-BCF1-EB6379BA4E2B}.Debug|Any CPU.Build.0 = Debug|Any CPU
		{4565991D-28E4-47C1-BCF1-EB6379BA4E2B}.Debug|x64.ActiveCfg = Debug|Any CPU
		{4565991D-28E4-47C1-BCF1-EB6379BA4E2B}.Debug|x64.Build.0 = Debug|Any CPU
		{4565991D-28E4-47C1-BCF1-EB6379BA4E2B}.Debug|x86.ActiveCfg = Debug|Any CPU
		{4565991D-28E4-47C1-BCF1-EB6379BA4E2B}.Debug|x86.Build.0 = Debug|Any CPU
		{4565991D-28E4-47C1-BCF1-EB6379BA4E2B}.Release|Any CPU.ActiveCfg = Release|Any CPU
		{4565991D-28E4-47C1-BCF1-EB6379BA4E2B}.Release|Any CPU.Build.0 = Release|Any CPU
		{4565991D-28E4-47C1-BCF1-EB6379BA4E2B}.Release|x64.ActiveCfg = Release|Any CPU
		{4565991D-28E4-47C1-BCF1-EB6379BA4E2B}.Release|x64.Build.0 = Release|Any CPU
		{4565991D-28E4-47C1-BCF1-EB6379BA4E2B}.Release|x86.ActiveCfg = Release|Any CPU
		{4565991D-28E4-47C1-BCF1-EB6379BA4E2B}.Release|x86.Build.0 = Release|Any CPU
		{8DDDC97F-EE3D-4C15-8C79-312EDEA8BC74}.Debug|Any CPU.ActiveCfg = Debug|Any CPU
		{8DDDC97F-EE3D-4C15-8C79-312EDEA8BC74}.Debug|Any CPU.Build.0 = Debug|Any CPU
		{8DDDC97F-EE3D-4C15-8C79-312EDEA8BC74}.Debug|x64.ActiveCfg = Debug|Any CPU
		{8DDDC97F-EE3D-4C15-8C79-312EDEA8BC74}.Debug|x64.Build.0 = Debug|Any CPU
		{8DDDC97F-EE3D-4C15-8C79-312EDEA8BC74}.Debug|x86.ActiveCfg = Debug|Any CPU
		{8DDDC97F-EE3D-4C15-8C79-312EDEA8BC74}.Debug|x86.Build.0 = Debug|Any CPU
		{8DDDC97F-EE3D-4C15-8C79-312EDEA8BC74}.Release|Any CPU.ActiveCfg = Release|Any CPU
		{8DDDC97F-EE3D-4C15-8C79-312EDEA8BC74}.Release|Any CPU.Build.0 = Release|Any CPU
		{8DDDC97F-EE3D-4C15-8C79-312EDEA8BC74}.Release|x64.ActiveCfg = Release|Any CPU
		{8DDDC97F-EE3D-4C15-8C79-312EDEA8BC74}.Release|x64.Build.0 = Release|Any CPU
		{8DDDC97F-EE3D-4C15-8C79-312EDEA8BC74}.Release|x86.ActiveCfg = Release|Any CPU
		{8DDDC97F-EE3D-4C15-8C79-312EDEA8BC74}.Release|x86.Build.0 = Release|Any CPU
		{788858A8-F67B-4A65-A452-C53C3D3B45FB}.Debug|Any CPU.ActiveCfg = Debug|Any CPU
		{788858A8-F67B-4A65-A452-C53C3D3B45FB}.Debug|Any CPU.Build.0 = Debug|Any CPU
		{788858A8-F67B-4A65-A452-C53C3D3B45FB}.Debug|x64.ActiveCfg = Debug|Any CPU
		{788858A8-F67B-4A65-A452-C53C3D3B45FB}.Debug|x64.Build.0 = Debug|Any CPU
		{788858A8-F67B-4A65-A452-C53C3D3B45FB}.Debug|x86.ActiveCfg = Debug|Any CPU
		{788858A8-F67B-4A65-A452-C53C3D3B45FB}.Debug|x86.Build.0 = Debug|Any CPU
		{788858A8-F67B-4A65-A452-C53C3D3B45FB}.Release|Any CPU.ActiveCfg = Release|Any CPU
		{788858A8-F67B-4A65-A452-C53C3D3B45FB}.Release|Any CPU.Build.0 = Release|Any CPU
		{788858A8-F67B-4A65-A452-C53C3D3B45FB}.Release|x64.ActiveCfg = Release|Any CPU
		{788858A8-F67B-4A65-A452-C53C3D3B45FB}.Release|x64.Build.0 = Release|Any CPU
		{788858A8-F67B-4A65-A452-C53C3D3B45FB}.Release|x86.ActiveCfg = Release|Any CPU
		{788858A8-F67B-4A65-A452-C53C3D3B45FB}.Release|x86.Build.0 = Release|Any CPU
		{950E5F7D-AF1C-4331-9A4C-D3B7341D8284}.Debug|Any CPU.ActiveCfg = Debug|Any CPU
		{950E5F7D-AF1C-4331-9A4C-D3B7341D8284}.Debug|Any CPU.Build.0 = Debug|Any CPU
		{950E5F7D-AF1C-4331-9A4C-D3B7341D8284}.Debug|x64.ActiveCfg = Debug|Any CPU
		{950E5F7D-AF1C-4331-9A4C-D3B7341D8284}.Debug|x64.Build.0 = Debug|Any CPU
		{950E5F7D-AF1C-4331-9A4C-D3B7341D8284}.Debug|x86.ActiveCfg = Debug|Any CPU
		{950E5F7D-AF1C-4331-9A4C-D3B7341D8284}.Debug|x86.Build.0 = Debug|Any CPU
		{950E5F7D-AF1C-4331-9A4C-D3B7341D8284}.Release|Any CPU.ActiveCfg = Release|Any CPU
		{950E5F7D-AF1C-4331-9A4C-D3B7341D8284}.Release|Any CPU.Build.0 = Release|Any CPU
		{950E5F7D-AF1C-4331-9A4C-D3B7341D8284}.Release|x64.ActiveCfg = Release|Any CPU
		{950E5F7D-AF1C-4331-9A4C-D3B7341D8284}.Release|x64.Build.0 = Release|Any CPU
		{950E5F7D-AF1C-4331-9A4C-D3B7341D8284}.Release|x86.ActiveCfg = Release|Any CPU
		{950E5F7D-AF1C-4331-9A4C-D3B7341D8284}.Release|x86.Build.0 = Release|Any CPU
		{8799784F-8EED-4A24-BD39-4E0CC3C1659A}.Debug|Any CPU.ActiveCfg = Debug|Any CPU
		{8799784F-8EED-4A24-BD39-4E0CC3C1659A}.Debug|Any CPU.Build.0 = Debug|Any CPU
		{8799784F-8EED-4A24-BD39-4E0CC3C1659A}.Debug|x64.ActiveCfg = Debug|Any CPU
		{8799784F-8EED-4A24-BD39-4E0CC3C1659A}.Debug|x64.Build.0 = Debug|Any CPU
		{8799784F-8EED-4A24-BD39-4E0CC3C1659A}.Debug|x86.ActiveCfg = Debug|Any CPU
		{8799784F-8EED-4A24-BD39-4E0CC3C1659A}.Debug|x86.Build.0 = Debug|Any CPU
		{8799784F-8EED-4A24-BD39-4E0CC3C1659A}.Release|Any CPU.ActiveCfg = Release|Any CPU
		{8799784F-8EED-4A24-BD39-4E0CC3C1659A}.Release|Any CPU.Build.0 = Release|Any CPU
		{8799784F-8EED-4A24-BD39-4E0CC3C1659A}.Release|x64.ActiveCfg = Release|Any CPU
		{8799784F-8EED-4A24-BD39-4E0CC3C1659A}.Release|x64.Build.0 = Release|Any CPU
		{8799784F-8EED-4A24-BD39-4E0CC3C1659A}.Release|x86.ActiveCfg = Release|Any CPU
		{8799784F-8EED-4A24-BD39-4E0CC3C1659A}.Release|x86.Build.0 = Release|Any CPU
		{D8F27509-7A0D-42F4-B40D-C43AC32F4D8E}.Debug|Any CPU.ActiveCfg = Debug|Any CPU
		{D8F27509-7A0D-42F4-B40D-C43AC32F4D8E}.Debug|Any CPU.Build.0 = Debug|Any CPU
		{D8F27509-7A0D-42F4-B40D-C43AC32F4D8E}.Debug|x64.ActiveCfg = Debug|Any CPU
		{D8F27509-7A0D-42F4-B40D-C43AC32F4D8E}.Debug|x64.Build.0 = Debug|Any CPU
		{D8F27509-7A0D-42F4-B40D-C43AC32F4D8E}.Debug|x86.ActiveCfg = Debug|Any CPU
		{D8F27509-7A0D-42F4-B40D-C43AC32F4D8E}.Debug|x86.Build.0 = Debug|Any CPU
		{D8F27509-7A0D-42F4-B40D-C43AC32F4D8E}.Release|Any CPU.ActiveCfg = Release|Any CPU
		{D8F27509-7A0D-42F4-B40D-C43AC32F4D8E}.Release|Any CPU.Build.0 = Release|Any CPU
		{D8F27509-7A0D-42F4-B40D-C43AC32F4D8E}.Release|x64.ActiveCfg = Release|Any CPU
		{D8F27509-7A0D-42F4-B40D-C43AC32F4D8E}.Release|x64.Build.0 = Release|Any CPU
		{D8F27509-7A0D-42F4-B40D-C43AC32F4D8E}.Release|x86.ActiveCfg = Release|Any CPU
		{D8F27509-7A0D-42F4-B40D-C43AC32F4D8E}.Release|x86.Build.0 = Release|Any CPU
		{30069801-C8AE-48DB-850E-10703DEF80CD}.Debug|Any CPU.ActiveCfg = Debug|Any CPU
		{30069801-C8AE-48DB-850E-10703DEF80CD}.Debug|Any CPU.Build.0 = Debug|Any CPU
		{30069801-C8AE-48DB-850E-10703DEF80CD}.Debug|x64.ActiveCfg = Debug|Any CPU
		{30069801-C8AE-48DB-850E-10703DEF80CD}.Debug|x64.Build.0 = Debug|Any CPU
		{30069801-C8AE-48DB-850E-10703DEF80CD}.Debug|x86.ActiveCfg = Debug|Any CPU
		{30069801-C8AE-48DB-850E-10703DEF80CD}.Debug|x86.Build.0 = Debug|Any CPU
		{30069801-C8AE-48DB-850E-10703DEF80CD}.Release|Any CPU.ActiveCfg = Release|Any CPU
		{30069801-C8AE-48DB-850E-10703DEF80CD}.Release|Any CPU.Build.0 = Release|Any CPU
		{30069801-C8AE-48DB-850E-10703DEF80CD}.Release|x64.ActiveCfg = Release|Any CPU
		{30069801-C8AE-48DB-850E-10703DEF80CD}.Release|x64.Build.0 = Release|Any CPU
		{30069801-C8AE-48DB-850E-10703DEF80CD}.Release|x86.ActiveCfg = Release|Any CPU
		{30069801-C8AE-48DB-850E-10703DEF80CD}.Release|x86.Build.0 = Release|Any CPU
		{73A389BE-FDD1-4E0C-90FA-8AAC1BAD01ED}.Debug|Any CPU.ActiveCfg = Debug|Any CPU
		{73A389BE-FDD1-4E0C-90FA-8AAC1BAD01ED}.Debug|Any CPU.Build.0 = Debug|Any CPU
		{73A389BE-FDD1-4E0C-90FA-8AAC1BAD01ED}.Debug|x64.ActiveCfg = Debug|Any CPU
		{73A389BE-FDD1-4E0C-90FA-8AAC1BAD01ED}.Debug|x64.Build.0 = Debug|Any CPU
		{73A389BE-FDD1-4E0C-90FA-8AAC1BAD01ED}.Debug|x86.ActiveCfg = Debug|Any CPU
		{73A389BE-FDD1-4E0C-90FA-8AAC1BAD01ED}.Debug|x86.Build.0 = Debug|Any CPU
		{73A389BE-FDD1-4E0C-90FA-8AAC1BAD01ED}.Release|Any CPU.ActiveCfg = Release|Any CPU
		{73A389BE-FDD1-4E0C-90FA-8AAC1BAD01ED}.Release|Any CPU.Build.0 = Release|Any CPU
		{73A389BE-FDD1-4E0C-90FA-8AAC1BAD01ED}.Release|x64.ActiveCfg = Release|Any CPU
		{73A389BE-FDD1-4E0C-90FA-8AAC1BAD01ED}.Release|x64.Build.0 = Release|Any CPU
		{73A389BE-FDD1-4E0C-90FA-8AAC1BAD01ED}.Release|x86.ActiveCfg = Release|Any CPU
		{73A389BE-FDD1-4E0C-90FA-8AAC1BAD01ED}.Release|x86.Build.0 = Release|Any CPU
		{7883B10F-C23D-4045-B0D1-160EBE06FEE4}.Debug|Any CPU.ActiveCfg = Debug|Any CPU
		{7883B10F-C23D-4045-B0D1-160EBE06FEE4}.Debug|Any CPU.Build.0 = Debug|Any CPU
		{7883B10F-C23D-4045-B0D1-160EBE06FEE4}.Debug|x64.ActiveCfg = Debug|Any CPU
		{7883B10F-C23D-4045-B0D1-160EBE06FEE4}.Debug|x64.Build.0 = Debug|Any CPU
		{7883B10F-C23D-4045-B0D1-160EBE06FEE4}.Debug|x86.ActiveCfg = Debug|Any CPU
		{7883B10F-C23D-4045-B0D1-160EBE06FEE4}.Debug|x86.Build.0 = Debug|Any CPU
		{7883B10F-C23D-4045-B0D1-160EBE06FEE4}.Release|Any CPU.ActiveCfg = Release|Any CPU
		{7883B10F-C23D-4045-B0D1-160EBE06FEE4}.Release|Any CPU.Build.0 = Release|Any CPU
		{7883B10F-C23D-4045-B0D1-160EBE06FEE4}.Release|x64.ActiveCfg = Release|Any CPU
		{7883B10F-C23D-4045-B0D1-160EBE06FEE4}.Release|x64.Build.0 = Release|Any CPU
		{7883B10F-C23D-4045-B0D1-160EBE06FEE4}.Release|x86.ActiveCfg = Release|Any CPU
		{7883B10F-C23D-4045-B0D1-160EBE06FEE4}.Release|x86.Build.0 = Release|Any CPU
	EndGlobalSection
	GlobalSection(SolutionProperties) = preSolution
		HideSolutionNode = FALSE
	EndGlobalSection
	GlobalSection(NestedProjects) = preSolution
		{419C1CF8-24AC-44F8-8709-773F1EB15930} = {54E9663F-4CF2-46C2-9FBF-6620B59851B5}
		{AFB00AA2-308C-4CA5-98D1-6B70E5AE2671} = {54E9663F-4CF2-46C2-9FBF-6620B59851B5}
		{B8200127-8E1B-4CEB-9DBF-5EDFDE29FB79} = {54E9663F-4CF2-46C2-9FBF-6620B59851B5}
		{A64662A1-2D3A-4E6D-8B3A-5BB3A54CBFA0} = {54E9663F-4CF2-46C2-9FBF-6620B59851B5}
		{B5FE11CB-8AF1-418F-B817-8144F240C69F} = {FF9F631E-2EAA-40A8-B388-04A7C40B4821}
		{1D5B6FBD-6F63-419A-8422-4C7010B3A25B} = {54E9663F-4CF2-46C2-9FBF-6620B59851B5}
		{18EED588-3ADC-402E-BC5C-3E7A20C6DAB2} = {54E9663F-4CF2-46C2-9FBF-6620B59851B5}
		{A4FDD4F0-DC8A-468E-AD99-35138C59338A} = {54E9663F-4CF2-46C2-9FBF-6620B59851B5}
		{531811D2-AA96-456D-B1FA-B2820DF16D63} = {54E9663F-4CF2-46C2-9FBF-6620B59851B5}
		{461C9CCD-4254-445C-AE7F-A2EF116D4AF1} = {531811D2-AA96-456D-B1FA-B2820DF16D63}
		{30C3AE23-D960-4145-AC34-21B24382D83B} = {531811D2-AA96-456D-B1FA-B2820DF16D63}
		{F05EADFC-1BE6-4C9D-8749-1815B1F8A8EC} = {531811D2-AA96-456D-B1FA-B2820DF16D63}
		{0B88C471-7296-408B-85A8-0014B34C1B62} = {531811D2-AA96-456D-B1FA-B2820DF16D63}
		{DE41662E-47F3-4194-90D4-67EF9C9322C0} = {531811D2-AA96-456D-B1FA-B2820DF16D63}
		{65CBE186-4D57-4134-BBDA-6817C4E1E2C3} = {531811D2-AA96-456D-B1FA-B2820DF16D63}
		{91EC06FE-7CAA-4F04-9207-F777C68FE35A} = {531811D2-AA96-456D-B1FA-B2820DF16D63}
		{D65FD9E2-D564-4684-9A05-353BF7F1612B} = {54E9663F-4CF2-46C2-9FBF-6620B59851B5}
		{2FACCDDC-0A7B-4E3E-B268-A593C8388C6C} = {54E9663F-4CF2-46C2-9FBF-6620B59851B5}
		{11811214-D216-4D09-B361-EE938FA9F8D6} = {461C9CCD-4254-445C-AE7F-A2EF116D4AF1}
		{D3645509-455D-4733-8F3B-7C7ADA180DEF} = {F05EADFC-1BE6-4C9D-8749-1815B1F8A8EC}
		{8186D079-1637-4DCE-A3A6-118CA1B8256B} = {30C3AE23-D960-4145-AC34-21B24382D83B}
		{4565991D-28E4-47C1-BCF1-EB6379BA4E2B} = {0B88C471-7296-408B-85A8-0014B34C1B62}
		{8DDDC97F-EE3D-4C15-8C79-312EDEA8BC74} = {DE41662E-47F3-4194-90D4-67EF9C9322C0}
		{788858A8-F67B-4A65-A452-C53C3D3B45FB} = {65CBE186-4D57-4134-BBDA-6817C4E1E2C3}
		{4E071EF4-E175-40AC-BE21-07CD6A3E3ECA} = {FF9F631E-2EAA-40A8-B388-04A7C40B4821}
		{950E5F7D-AF1C-4331-9A4C-D3B7341D8284} = {4E071EF4-E175-40AC-BE21-07CD6A3E3ECA}
		{8799784F-8EED-4A24-BD39-4E0CC3C1659A} = {4E071EF4-E175-40AC-BE21-07CD6A3E3ECA}
		{D8F27509-7A0D-42F4-B40D-C43AC32F4D8E} = {4E071EF4-E175-40AC-BE21-07CD6A3E3ECA}
		{30069801-C8AE-48DB-850E-10703DEF80CD} = {4E071EF4-E175-40AC-BE21-07CD6A3E3ECA}
		{73A389BE-FDD1-4E0C-90FA-8AAC1BAD01ED} = {4E071EF4-E175-40AC-BE21-07CD6A3E3ECA}
		{7883B10F-C23D-4045-B0D1-160EBE06FEE4} = {4E071EF4-E175-40AC-BE21-07CD6A3E3ECA}
	EndGlobalSection
	GlobalSection(ExtensibilityGlobals) = postSolution
		SolutionGuid = {7E5C87EB-EEBD-4A9B-A955-07A34F904FF1}
	EndGlobalSection
EndGlobal
